
Microsoft Visual Studio Solution File, Format Version 12.00
# Visual Studio Version 16
VisualStudioVersion = 16.0.30611.23
MinimumVisualStudioVersion = 10.0.40219.1
Project("{FAE04EC0-301F-11D3-BF4B-00C04F79EFBC}") = "Tarea4_Practica2", "Tarea4_Practica2\Tarea4_Practica2.csproj", "{4F847ACE-7601-4FF5-9247-388FDC1ACD4B}"
EndProject
Global
	GlobalSection(SolutionConfigurationPlatforms) = preSolution
		Debug|Any CPU = Debug|Any CPU
		Release|Any CPU = Release|Any CPU
	EndGlobalSection
	GlobalSection(ProjectConfigurationPlatforms) = postSolution
		{4F847ACE-7601-4FF5-9247-388FDC1ACD4B}.Debug|Any CPU.ActiveCfg = Debug|Any CPU
		{4F847ACE-7601-4FF5-9247-388FDC1ACD4B}.Debug|Any CPU.Build.0 = Debug|Any CPU
		{4F847ACE-7601-4FF5-9247-388FDC1ACD4B}.Release|Any CPU.ActiveCfg = Release|Any CPU
		{4F847ACE-7601-4FF5-9247-388FDC1ACD4B}.Release|Any CPU.Build.0 = Release|Any CPU
	EndGlobalSection
	GlobalSection(SolutionProperties) = preSolution
		HideSolutionNode = FALSE
	EndGlobalSection
	GlobalSection(ExtensibilityGlobals) = postSolution
		SolutionGuid = {EEC2CC35-7703-498E-9378-AA30B78D5119}
	EndGlobalSection
EndGlobal
